
Microsoft Visual Studio Solution File, Format Version 11.00
# Visual Studio 2010
Project("{FAE04EC0-301F-11D3-BF4B-00C04F79EFBC}") = "Vs.ItemTemplates", "Vs.ItemTemplates\Vs.ItemTemplates.csproj", "{09B9BDCD-71AB-4FF2-B98D-E4120E721AE8}"
EndProject
Global
	GlobalSection(SolutionConfigurationPlatforms) = preSolution
		Debug|Any CPU = Debug|Any CPU
		Release|Any CPU = Release|Any CPU
	EndGlobalSection
	GlobalSection(ProjectConfigurationPlatforms) = postSolution
		{09B9BDCD-71AB-4FF2-B98D-E4120E721AE8}.Debug|Any CPU.ActiveCfg = Debug|Any CPU
		{09B9BDCD-71AB-4FF2-B98D-E4120E721AE8}.Debug|Any CPU.Build.0 = Debug|Any CPU
		{09B9BDCD-71AB-4FF2-B98D-E4120E721AE8}.Release|Any CPU.ActiveCfg = Release|Any CPU
		{09B9BDCD-71AB-4FF2-B98D-E4120E721AE8}.Release|Any CPU.Build.0 = Release|Any CPU
	EndGlobalSection
	GlobalSection(SolutionProperties) = preSolution
		HideSolutionNode = FALSE
	EndGlobalSection
EndGlobal
