
Microsoft Visual Studio Solution File, Format Version 11.00
# Visual Studio 2010
Project("{2150E333-8FDC-42A3-9474-1A3956D46DE8}") = "通用类库 Libraries", "通用类库 Libraries", "{5C420062-5011-46C5-8D0F-75632831DE68}"
	ProjectSection(SolutionItems) = preProject
		Library Common Files\AssemblyInfoCommon.cs = Library Common Files\AssemblyInfoCommon.cs
	EndProjectSection
EndProject
Project("{2150E333-8FDC-42A3-9474-1A3956D46DE8}") = "工具集 Toolkits", "工具集 Toolkits", "{F4D82C39-CEE5-4234-8DDA-0CD9D68F346E}"
	ProjectSection(SolutionItems) = preProject
		Toolkits Common Files\AssemblyInfoCommon.cs = Toolkits Common Files\AssemblyInfoCommon.cs
	EndProjectSection
EndProject
Project("{2150E333-8FDC-42A3-9474-1A3956D46DE8}") = "在线测评 EvaOnline", "在线测评 EvaOnline", "{8CE21C8F-C82B-45E6-83CA-00C1535B9D02}"
	ProjectSection(SolutionItems) = preProject
		EvaOnline Common Files\AssemblyInfoCommon.cs = EvaOnline Common Files\AssemblyInfoCommon.cs
	EndProjectSection
EndProject
Project("{FAE04EC0-301F-11D3-BF4B-00C04F79EFBC}") = "Tools.VersionBuilder", "Tools.VersionBuilder\Tools.VersionBuilder.csproj", "{C5DB1007-B62F-49AC-BDDF-9623652F3ABF}"
EndProject
Project("{FAE04EC0-301F-11D3-BF4B-00C04F79EFBC}") = "Libs.Extensions", "Libs.Extensions\Libs.Extensions.csproj", "{915E0D7A-8FB9-43EC-8419-876DAA83736C}"
EndProject
Project("{FAE04EC0-301F-11D3-BF4B-00C04F79EFBC}") = "Libs.UnitTest", "Libs.UnitTest\Libs.UnitTest.csproj", "{168B50C3-E130-4456-9E8E-146FD9D3D857}"
EndProject
Project("{FAE04EC0-301F-11D3-BF4B-00C04F79EFBC}") = "Tools.GuidGenerator", "Tools.GuidGenerator\Tools.GuidGenerator.csproj", "{1C1B74FB-6EBA-45A0-BC84-B568B876B7CA}"
EndProject
Global
	GlobalSection(SolutionConfigurationPlatforms) = preSolution
		Debug|Any CPU = Debug|Any CPU
		Debug|Mixed Platforms = Debug|Mixed Platforms
		Debug|x86 = Debug|x86
		Release|Any CPU = Release|Any CPU
		Release|Mixed Platforms = Release|Mixed Platforms
		Release|x86 = Release|x86
	EndGlobalSection
	GlobalSection(ProjectConfigurationPlatforms) = postSolution
		{C5DB1007-B62F-49AC-BDDF-9623652F3ABF}.Debug|Any CPU.ActiveCfg = Debug|x86
		{C5DB1007-B62F-49AC-BDDF-9623652F3ABF}.Debug|Mixed Platforms.ActiveCfg = Debug|x86
		{C5DB1007-B62F-49AC-BDDF-9623652F3ABF}.Debug|Mixed Platforms.Build.0 = Debug|x86
		{C5DB1007-B62F-49AC-BDDF-9623652F3ABF}.Debug|x86.ActiveCfg = Debug|x86
		{C5DB1007-B62F-49AC-BDDF-9623652F3ABF}.Debug|x86.Build.0 = Debug|x86
		{C5DB1007-B62F-49AC-BDDF-9623652F3ABF}.Release|Any CPU.ActiveCfg = Release|x86
		{C5DB1007-B62F-49AC-BDDF-9623652F3ABF}.Release|Mixed Platforms.ActiveCfg = Release|x86
		{C5DB1007-B62F-49AC-BDDF-9623652F3ABF}.Release|Mixed Platforms.Build.0 = Release|x86
		{C5DB1007-B62F-49AC-BDDF-9623652F3ABF}.Release|x86.ActiveCfg = Release|x86
		{C5DB1007-B62F-49AC-BDDF-9623652F3ABF}.Release|x86.Build.0 = Release|x86
		{915E0D7A-8FB9-43EC-8419-876DAA83736C}.Debug|Any CPU.ActiveCfg = Debug|Any CPU
		{915E0D7A-8FB9-43EC-8419-876DAA83736C}.Debug|Any CPU.Build.0 = Debug|Any CPU
		{915E0D7A-8FB9-43EC-8419-876DAA83736C}.Debug|Mixed Platforms.ActiveCfg = Debug|Any CPU
		{915E0D7A-8FB9-43EC-8419-876DAA83736C}.Debug|Mixed Platforms.Build.0 = Debug|Any CPU
		{915E0D7A-8FB9-43EC-8419-876DAA83736C}.Debug|x86.ActiveCfg = Debug|Any CPU
		{915E0D7A-8FB9-43EC-8419-876DAA83736C}.Release|Any CPU.ActiveCfg = Release|Any CPU
		{915E0D7A-8FB9-43EC-8419-876DAA83736C}.Release|Any CPU.Build.0 = Release|Any CPU
		{915E0D7A-8FB9-43EC-8419-876DAA83736C}.Release|Mixed Platforms.ActiveCfg = Release|Any CPU
		{915E0D7A-8FB9-43EC-8419-876DAA83736C}.Release|Mixed Platforms.Build.0 = Release|Any CPU
		{915E0D7A-8FB9-43EC-8419-876DAA83736C}.Release|x86.ActiveCfg = Release|Any CPU
		{168B50C3-E130-4456-9E8E-146FD9D3D857}.Debug|Any CPU.ActiveCfg = Debug|Any CPU
		{168B50C3-E130-4456-9E8E-146FD9D3D857}.Debug|Any CPU.Build.0 = Debug|Any CPU
		{168B50C3-E130-4456-9E8E-146FD9D3D857}.Debug|Mixed Platforms.ActiveCfg = Debug|Any CPU
		{168B50C3-E130-4456-9E8E-146FD9D3D857}.Debug|Mixed Platforms.Build.0 = Debug|Any CPU
		{168B50C3-E130-4456-9E8E-146FD9D3D857}.Debug|x86.ActiveCfg = Debug|Any CPU
		{168B50C3-E130-4456-9E8E-146FD9D3D857}.Release|Any CPU.ActiveCfg = Release|Any CPU
		{168B50C3-E130-4456-9E8E-146FD9D3D857}.Release|Any CPU.Build.0 = Release|Any CPU
		{168B50C3-E130-4456-9E8E-146FD9D3D857}.Release|Mixed Platforms.ActiveCfg = Release|Any CPU
		{168B50C3-E130-4456-9E8E-146FD9D3D857}.Release|Mixed Platforms.Build.0 = Release|Any CPU
		{168B50C3-E130-4456-9E8E-146FD9D3D857}.Release|x86.ActiveCfg = Release|Any CPU
		{1C1B74FB-6EBA-45A0-BC84-B568B876B7CA}.Debug|Any CPU.ActiveCfg = Debug|x86
		{1C1B74FB-6EBA-45A0-BC84-B568B876B7CA}.Debug|Mixed Platforms.ActiveCfg = Debug|x86
		{1C1B74FB-6EBA-45A0-BC84-B568B876B7CA}.Debug|Mixed Platforms.Build.0 = Debug|x86
		{1C1B74FB-6EBA-45A0-BC84-B568B876B7CA}.Debug|x86.ActiveCfg = Debug|x86
		{1C1B74FB-6EBA-45A0-BC84-B568B876B7CA}.Debug|x86.Build.0 = Debug|x86
		{1C1B74FB-6EBA-45A0-BC84-B568B876B7CA}.Release|Any CPU.ActiveCfg = Release|x86
		{1C1B74FB-6EBA-45A0-BC84-B568B876B7CA}.Release|Mixed Platforms.ActiveCfg = Release|x86
		{1C1B74FB-6EBA-45A0-BC84-B568B876B7CA}.Release|Mixed Platforms.Build.0 = Release|x86
		{1C1B74FB-6EBA-45A0-BC84-B568B876B7CA}.Release|x86.ActiveCfg = Release|x86
		{1C1B74FB-6EBA-45A0-BC84-B568B876B7CA}.Release|x86.Build.0 = Release|x86
	EndGlobalSection
	GlobalSection(SolutionProperties) = preSolution
		HideSolutionNode = FALSE
	EndGlobalSection
	GlobalSection(NestedProjects) = preSolution
		{915E0D7A-8FB9-43EC-8419-876DAA83736C} = {5C420062-5011-46C5-8D0F-75632831DE68}
		{168B50C3-E130-4456-9E8E-146FD9D3D857} = {5C420062-5011-46C5-8D0F-75632831DE68}
		{C5DB1007-B62F-49AC-BDDF-9623652F3ABF} = {F4D82C39-CEE5-4234-8DDA-0CD9D68F346E}
		{1C1B74FB-6EBA-45A0-BC84-B568B876B7CA} = {F4D82C39-CEE5-4234-8DDA-0CD9D68F346E}
	EndGlobalSection
EndGlobal
